
Microsoft Visual Studio Solution File, Format Version 12.00
# Visual Studio Version 17
VisualStudioVersion = 17.5.002.0
MinimumVisualStudioVersion = 10.0.40219.1
Project("{9A19103F-16F7-4668-BE54-9A1E7A4F7556}") = "EssentialC#Guidelines", "EssentialC#Guidelines.csproj", "{12C5BE95-CDBB-4BC5-8AB9-A58FF2BB9873}"
EndProject
Global
	GlobalSection(SolutionConfigurationPlatforms) = preSolution
		Debug|Any CPU = Debug|Any CPU
		Release|Any CPU = Release|Any CPU
	EndGlobalSection
	GlobalSection(ProjectConfigurationPlatforms) = postSolution
		{12C5BE95-CDBB-4BC5-8AB9-A58FF2BB9873}.Debug|Any CPU.ActiveCfg = Debug|Any CPU
		{12C5BE95-CDBB-4BC5-8AB9-A58FF2BB9873}.Debug|Any CPU.Build.0 = Debug|Any CPU
		{12C5BE95-CDBB-4BC5-8AB9-A58FF2BB9873}.Release|Any CPU.ActiveCfg = Release|Any CPU
		{12C5BE95-CDBB-4BC5-8AB9-A58FF2BB9873}.Release|Any CPU.Build.0 = Release|Any CPU
	EndGlobalSection
	GlobalSection(SolutionProperties) = preSolution
		HideSolutionNode = FALSE
	EndGlobalSection
	GlobalSection(ExtensibilityGlobals) = postSolution
		SolutionGuid = {5B4CE3DA-0972-4662-B199-487B41FA4D11}
	EndGlobalSection
EndGlobal
